{
  "name": "086LearnNodeJs",
  "lockfileVersion": 2,
  "requires": true,
  "packages": {
    "": {
      "dependencies": {
        "ngraph.graph": "^20.0.0",
        "ngraph.pixel": "^2.4.1",
        "pixel.layout": "^0.1.2"
      }
    },
    "node_modules/element-class": {
      "version": "0.2.2",
      "resolved": "https://registry.npmjs.org/element-class/-/element-class-0.2.2.tgz",
      "integrity": "sha512-e4tkRAFtQkGiZB8fzxAFdjEbx5zajMb1GpiRwKs3lhOLxQcvdOIG7XlERT1sTX3/ulIUGZrgL02YZ0cRNC5OLQ=="
    },
    "node_modules/insert-css": {
      "version": "0.2.0",
      "resolved": "https://registry.npmjs.org/insert-css/-/insert-css-0.2.0.tgz",
      "integrity": "sha512-tXSEsS2BJfEdtBuKzqfbbOijbWQC+y0i5pGd4OXNBauhWZ5lLNs7nb03tyONVuvwu6RXyQqWwqoRJV3jKR7+ag=="
    },
    "node_modules/ngraph.events": {
      "version": "1.2.2",
      "resolved": "https://registry.npmjs.org/ngraph.events/-/ngraph.events-1.2.2.tgz",
      "integrity": "sha512-JsUbEOzANskax+WSYiAPETemLWYXmixuPAlmZmhIbIj6FH/WDgEGCGnRwUQBK0GjOnVm8Ui+e5IJ+5VZ4e32eQ=="
    },
    "node_modules/ngraph.expose": {
      "version": "0.0.0",
      "resolved": "https://registry.npmjs.org/ngraph.expose/-/ngraph.expose-0.0.0.tgz",
      "integrity": "sha512-Hr88MuhgoSLVGf2aaaXcKl22Rn95duWsjRcoeJMP9PtFmYHGFw/3ctDqBf5phnIyktm0P/Quxs5EGg6xgJcZAQ=="
    },
    "node_modules/ngraph.forcelayout": {
      "version": "0.0.22",
      "resolved": "https://registry.npmjs.org/ngraph.forcelayout/-/ngraph.forcelayout-0.0.22.tgz",
      "integrity": "sha512-eGjonxfqLa9e4BfFGmgWeVLLHkolUzOgKtFsQMgwpCpGtXUQwfO+iz5kRn8scRgyh0iaPNPrPLtKepA2Ojpe5Q==",
      "dependencies": {
        "ngraph.events": "0.0.3",
        "ngraph.physics.simulator": "0.0.12"
      }
    },
    "node_modules/ngraph.forcelayout/node_modules/ngraph.events": {
      "version": "0.0.3",
      "resolved": "https://registry.npmjs.org/ngraph.events/-/ngraph.events-0.0.3.tgz",
      "integrity": "sha512-UrewofHOFk/05otBm9GD4DA3PTEY/yaElhCclmGC4IcmAYaSDRrC3lENQxJ00AzeBnz1GY2xH7Ct7AfIdhsdWA=="
    },
    "node_modules/ngraph.forcelayout3d": {
      "version": "0.0.15",
      "resolved": "https://registry.npmjs.org/ngraph.forcelayout3d/-/ngraph.forcelayout3d-0.0.15.tgz",
      "integrity": "sha512-d6cYhknnK5OhfpmZL89nySje8QzqESTXPc/yz7Clz2wuSGSn8k+ufm+w/78q53kkQzkyNgJqM7aU4g5e+RuERQ==",
      "dependencies": {
        "ngraph.expose": "0.0.0",
        "ngraph.forcelayout": "0.0.22",
        "ngraph.merge": "0.0.1",
        "ngraph.physics.primitives": "0.0.7",
        "ngraph.quadtreebh3d": "0.0.3",
        "ngraph.random": "0.0.1"
      }
    },
    "node_modules/ngraph.graph": {
      "version": "20.0.0",
      "resolved": "https://registry.npmjs.org/ngraph.graph/-/ngraph.graph-20.0.0.tgz",
      "integrity": "sha512-tJqmik6U5geNDSbmTSwm4R6coTMDbkfFFHD8wdeSJtKU/cxIWFsKtXuwMva/wTk6tQQl1C2//lrzmwfPJXAXHw==",
      "dependencies": {
        "ngraph.events": "^1.2.1"
      }
    },
    "node_modules/ngraph.merge": {
      "version": "0.0.1",
      "resolved": "https://registry.npmjs.org/ngraph.merge/-/ngraph.merge-0.0.1.tgz",
      "integrity": "sha512-iXchI5xMjYzA96mee//O7I7gtd4cCakWaSTu11aMTxRDbvBK2qpDDytYg58jO3usAUkjFxBdy1gxYppKmBDuRQ=="
    },
    "node_modules/ngraph.physics.primitives": {
      "version": "0.0.7",
      "resolved": "https://registry.npmjs.org/ngraph.physics.primitives/-/ngraph.physics.primitives-0.0.7.tgz",
      "integrity": "sha512-7jPm14fYcuJ9kytOVNOKxFy6r/Uu9Dnj++uT3iR9XkBcsBahn2xcYJkV6vF1bIb1fQ5XrDCRjRIOcMwEum6jwQ=="
    },
    "node_modules/ngraph.physics.simulator": {
      "version": "0.0.12",
      "resolved": "https://registry.npmjs.org/ngraph.physics.simulator/-/ngraph.physics.simulator-0.0.12.tgz",
      "integrity": "sha512-c5THBS9fbzfUsFP39lKrWAt4UdNUqdKtahRE+SmB1uuv2B9aglyd0yAOtNTumrzGIG7vNy8isAw0Qd4Qztg7BQ==",
      "dependencies": {
        "ngraph.events": "0.0.3",
        "ngraph.expose": "0.0.0",
        "ngraph.merge": "0.0.1",
        "ngraph.physics.primitives": "0.0.7",
        "ngraph.quadtreebh": "0.0.3",
        "ngraph.random": "0.0.1"
      }
    },
    "node_modules/ngraph.physics.simulator/node_modules/ngraph.events": {
      "version": "0.0.3",
      "resolved": "https://registry.npmjs.org/ngraph.events/-/ngraph.events-0.0.3.tgz",
      "integrity": "sha512-UrewofHOFk/05otBm9GD4DA3PTEY/yaElhCclmGC4IcmAYaSDRrC3lENQxJ00AzeBnz1GY2xH7Ct7AfIdhsdWA=="
    },
    "node_modules/ngraph.pixel": {
      "version": "2.4.1",
      "resolved": "https://registry.npmjs.org/ngraph.pixel/-/ngraph.pixel-2.4.1.tgz",
      "integrity": "sha512-H4hqyEVMhGZ6hGL30pXKZ+RpZw8NQaLa4hGGj3UutokUp3yfvTLrToOq+/W09jK/Sn6DzimYPuLAn+OuIfx4Zw==",
      "dependencies": {
        "element-class": "^0.2.0",
        "insert-css": "^0.2.0",
        "ngraph.events": "0.0.3",
        "pixel.layout": "^0.1.1",
        "three": "^0.73.0",
        "three.fly": "0.1.6"
      }
    },
    "node_modules/ngraph.pixel/node_modules/ngraph.events": {
      "version": "0.0.3",
      "resolved": "https://registry.npmjs.org/ngraph.events/-/ngraph.events-0.0.3.tgz",
      "integrity": "sha512-UrewofHOFk/05otBm9GD4DA3PTEY/yaElhCclmGC4IcmAYaSDRrC3lENQxJ00AzeBnz1GY2xH7Ct7AfIdhsdWA=="
    },
    "node_modules/ngraph.quadtreebh": {
      "version": "0.0.3",
      "resolved": "https://registry.npmjs.org/ngraph.quadtreebh/-/ngraph.quadtreebh-0.0.3.tgz",
      "integrity": "sha512-vnmXcwnaourj6L4ssCwtHV5ObybvuyPkPVEFZI7nW5T6Tmt+t2dFA3ljym6MlSEcrayOgD7S2Ac+2YDN1DRZ3w==",
      "dependencies": {
        "ngraph.random": "0.0.1"
      }
    },
    "node_modules/ngraph.quadtreebh3d": {
      "version": "0.0.3",
      "resolved": "https://registry.npmjs.org/ngraph.quadtreebh3d/-/ngraph.quadtreebh3d-0.0.3.tgz",
      "integrity": "sha512-DIRiviYWity+/yiZpRRs95V7gShtXnxDifQbdLffAi4PdNWnprFarcXuk+q/YbTakH4cWcOXZo7mQyUTO9odZg==",
      "dependencies": {
        "ngraph.random": "0.0.1"
      }
    },
    "node_modules/ngraph.random": {
      "version": "0.0.1",
      "resolved": "https://registry.npmjs.org/ngraph.random/-/ngraph.random-0.0.1.tgz",
      "integrity": "sha512-QPKU7ChXF/VrvMQxVo9aWcvXCXp98VfL4nKUteTW/olDqeUqQ61t7m+jvFb8Dj7kKvlKlnsbDA1aWLJGmm17XA=="
    },
    "node_modules/pixel.layout": {
      "version": "0.1.2",
      "resolved": "https://registry.npmjs.org/pixel.layout/-/pixel.layout-0.1.2.tgz",
      "integrity": "sha512-GwEZPvzOgZ3adzeGmuWGebB0t7PklsGQF9zYYOzL2W6bPbG6dwDgY7A7yLTO6OLenl2ohxdbdYyqEkDmRuRXfw==",
      "dependencies": {
        "ngraph.events": "0.0.3",
        "ngraph.forcelayout3d": "0.0.15"
      }
    },
    "node_modules/pixel.layout/node_modules/ngraph.events": {
      "version": "0.0.3",
      "resolved": "https://registry.npmjs.org/ngraph.events/-/ngraph.events-0.0.3.tgz",
      "integrity": "sha512-UrewofHOFk/05otBm9GD4DA3PTEY/yaElhCclmGC4IcmAYaSDRrC3lENQxJ00AzeBnz1GY2xH7Ct7AfIdhsdWA=="
    },
    "node_modules/three": {
      "version": "0.73.2",
      "resolved": "https://registry.npmjs.org/three/-/three-0.73.2.tgz",
      "integrity": "sha512-TC2H54TAnLwLwuMz5mUNN60BuK5MvLI1OgF2X1PdxnVehgZ7p9sNbaHpJEj3hi2T8WadlIUE8d/96oe3XlpPAw==",
      "engines": {
        "node": "*"
      }
    },
    "node_modules/three.fly": {
      "version": "0.1.6",
      "resolved": "https://registry.npmjs.org/three.fly/-/three.fly-0.1.6.tgz",
      "integrity": "sha512-iduRTbHyb2WVas4FOyXj8W/wtjfyu0DtFeSMIL7akm3Bfa8+QubDdlsDFTf+382ATzSbA3gKZGo091ZonBt87w==",
      "dependencies": {
        "ngraph.events": "0.0.3"
      }
    },
    "node_modules/three.fly/node_modules/ngraph.events": {
      "version": "0.0.3",
      "resolved": "https://registry.npmjs.org/ngraph.events/-/ngraph.events-0.0.3.tgz",
      "integrity": "sha512-UrewofHOFk/05otBm9GD4DA3PTEY/yaElhCclmGC4IcmAYaSDRrC3lENQxJ00AzeBnz1GY2xH7Ct7AfIdhsdWA=="
    }
  },
  "dependencies": {
    "element-class": {
      "version": "0.2.2",
      "resolved": "https://registry.npmjs.org/element-class/-/element-class-0.2.2.tgz",
      "integrity": "sha512-e4tkRAFtQkGiZB8fzxAFdjEbx5zajMb1GpiRwKs3lhOLxQcvdOIG7XlERT1sTX3/ulIUGZrgL02YZ0cRNC5OLQ=="
    },
    "insert-css": {
      "version": "0.2.0",
      "resolved": "https://registry.npmjs.org/insert-css/-/insert-css-0.2.0.tgz",
      "integrity": "sha512-tXSEsS2BJfEdtBuKzqfbbOijbWQC+y0i5pGd4OXNBauhWZ5lLNs7nb03tyONVuvwu6RXyQqWwqoRJV3jKR7+ag=="
    },
    "ngraph.events": {
      "version": "1.2.2",
      "resolved": "https://registry.npmjs.org/ngraph.events/-/ngraph.events-1.2.2.tgz",
      "integrity": "sha512-JsUbEOzANskax+WSYiAPETemLWYXmixuPAlmZmhIbIj6FH/WDgEGCGnRwUQBK0GjOnVm8Ui+e5IJ+5VZ4e32eQ=="
    },
    "ngraph.expose": {
      "version": "0.0.0",
      "resolved": "https://registry.npmjs.org/ngraph.expose/-/ngraph.expose-0.0.0.tgz",
      "integrity": "sha512-Hr88MuhgoSLVGf2aaaXcKl22Rn95duWsjRcoeJMP9PtFmYHGFw/3ctDqBf5phnIyktm0P/Quxs5EGg6xgJcZAQ=="
    },
    "ngraph.forcelayout": {
      "version": "0.0.22",
      "resolved": "https://registry.npmjs.org/ngraph.forcelayout/-/ngraph.forcelayout-0.0.22.tgz",
      "integrity": "sha512-eGjonxfqLa9e4BfFGmgWeVLLHkolUzOgKtFsQMgwpCpGtXUQwfO+iz5kRn8scRgyh0iaPNPrPLtKepA2Ojpe5Q==",
      "requires": {
        "ngraph.events": "0.0.3",
        "ngraph.physics.simulator": "0.0.12"
      },
      "dependencies": {
        "ngraph.events": {
          "version": "0.0.3",
          "resolved": "https://registry.npmjs.org/ngraph.events/-/ngraph.events-0.0.3.tgz",
          "integrity": "sha512-UrewofHOFk/05otBm9GD4DA3PTEY/yaElhCclmGC4IcmAYaSDRrC3lENQxJ00AzeBnz1GY2xH7Ct7AfIdhsdWA=="
        }
      }
    },
    "ngraph.forcelayout3d": {
      "version": "0.0.15",
      "resolved": "https://registry.npmjs.org/ngraph.forcelayout3d/-/ngraph.forcelayout3d-0.0.15.tgz",
      "integrity": "sha512-d6cYhknnK5OhfpmZL89nySje8QzqESTXPc/yz7Clz2wuSGSn8k+ufm+w/78q53kkQzkyNgJqM7aU4g5e+RuERQ==",
      "requires": {
        "ngraph.expose": "0.0.0",
        "ngraph.forcelayout": "0.0.22",
        "ngraph.merge": "0.0.1",
        "ngraph.physics.primitives": "0.0.7",
        "ngraph.quadtreebh3d": "0.0.3",
        "ngraph.random": "0.0.1"
      }
    },
    "ngraph.graph": {
      "version": "20.0.0",
      "resolved": "https://registry.npmjs.org/ngraph.graph/-/ngraph.graph-20.0.0.tgz",
      "integrity": "sha512-tJqmik6U5geNDSbmTSwm4R6coTMDbkfFFHD8wdeSJtKU/cxIWFsKtXuwMva/wTk6tQQl1C2//lrzmwfPJXAXHw==",
      "requires": {
        "ngraph.events": "^1.2.1"
      }
    },
    "ngraph.merge": {
      "version": "0.0.1",
      "resolved": "https://registry.npmjs.org/ngraph.merge/-/ngraph.merge-0.0.1.tgz",
      "integrity": "sha512-iXchI5xMjYzA96mee//O7I7gtd4cCakWaSTu11aMTxRDbvBK2qpDDytYg58jO3usAUkjFxBdy1gxYppKmBDuRQ=="
    },
    "ngraph.physics.primitives": {
      "version": "0.0.7",
      "resolved": "https://registry.npmjs.org/ngraph.physics.primitives/-/ngraph.physics.primitives-0.0.7.tgz",
      "integrity": "sha512-7jPm14fYcuJ9kytOVNOKxFy6r/Uu9Dnj++uT3iR9XkBcsBahn2xcYJkV6vF1bIb1fQ5XrDCRjRIOcMwEum6jwQ=="
    },
    "ngraph.physics.simulator": {
      "version": "0.0.12",
      "resolved": "https://registry.npmjs.org/ngraph.physics.simulator/-/ngraph.physics.simulator-0.0.12.tgz",
      "integrity": "sha512-c5THBS9fbzfUsFP39lKrWAt4UdNUqdKtahRE+SmB1uuv2B9aglyd0yAOtNTumrzGIG7vNy8isAw0Qd4Qztg7BQ==",
      "requires": {
        "ngraph.events": "0.0.3",
        "ngraph.expose": "0.0.0",
        "ngraph.merge": "0.0.1",
        "ngraph.physics.primitives": "0.0.7",
        "ngraph.quadtreebh": "0.0.3",
        "ngraph.random": "0.0.1"
      },
      "dependencies": {
        "ngraph.events": {
          "version": "0.0.3",
          "resolved": "https://registry.npmjs.org/ngraph.events/-/ngraph.events-0.0.3.tgz",
          "integrity": "sha512-UrewofHOFk/05otBm9GD4DA3PTEY/yaElhCclmGC4IcmAYaSDRrC3lENQxJ00AzeBnz1GY2xH7Ct7AfIdhsdWA=="
        }
      }
    },
    "ngraph.pixel": {
      "version": "2.4.1",
      "resolved": "https://registry.npmjs.org/ngraph.pixel/-/ngraph.pixel-2.4.1.tgz",
      "integrity": "sha512-H4hqyEVMhGZ6hGL30pXKZ+RpZw8NQaLa4hGGj3UutokUp3yfvTLrToOq+/W09jK/Sn6DzimYPuLAn+OuIfx4Zw==",
      "requires": {
        "element-class": "^0.2.0",
        "insert-css": "^0.2.0",
        "ngraph.events": "0.0.3",
        "pixel.layout": "^0.1.1",
        "three": "^0.73.0",
        "three.fly": "0.1.6"
      },
      "dependencies": {
        "ngraph.events": {
          "version": "0.0.3",
          "resolved": "https://registry.npmjs.org/ngraph.events/-/ngraph.events-0.0.3.tgz",
          "integrity": "sha512-UrewofHOFk/05otBm9GD4DA3PTEY/yaElhCclmGC4IcmAYaSDRrC3lENQxJ00AzeBnz1GY2xH7Ct7AfIdhsdWA=="
        }
      }
    },
    "ngraph.quadtreebh": {
      "version": "0.0.3",
      "resolved": "https://registry.npmjs.org/ngraph.quadtreebh/-/ngraph.quadtreebh-0.0.3.tgz",
      "integrity": "sha512-vnmXcwnaourj6L4ssCwtHV5ObybvuyPkPVEFZI7nW5T6Tmt+t2dFA3ljym6MlSEcrayOgD7S2Ac+2YDN1DRZ3w==",
      "requires": {
        "ngraph.random": "0.0.1"
      }
    },
    "ngraph.quadtreebh3d": {
      "version": "0.0.3",
      "resolved": "https://registry.npmjs.org/ngraph.quadtreebh3d/-/ngraph.quadtreebh3d-0.0.3.tgz",
      "integrity": "sha512-DIRiviYWity+/yiZpRRs95V7gShtXnxDifQbdLffAi4PdNWnprFarcXuk+q/YbTakH4cWcOXZo7mQyUTO9odZg==",
      "requires": {
        "ngraph.random": "0.0.1"
      }
    },
    "ngraph.random": {
      "version": "0.0.1",
      "resolved": "https://registry.npmjs.org/ngraph.random/-/ngraph.random-0.0.1.tgz",
      "integrity": "sha512-QPKU7ChXF/VrvMQxVo9aWcvXCXp98VfL4nKUteTW/olDqeUqQ61t7m+jvFb8Dj7kKvlKlnsbDA1aWLJGmm17XA=="
    },
    "pixel.layout": {
      "version": "0.1.2",
      "resolved": "https://registry.npmjs.org/pixel.layout/-/pixel.layout-0.1.2.tgz",
      "integrity": "sha512-GwEZPvzOgZ3adzeGmuWGebB0t7PklsGQF9zYYOzL2W6bPbG6dwDgY7A7yLTO6OLenl2ohxdbdYyqEkDmRuRXfw==",
      "requires": {
        "ngraph.events": "0.0.3",
        "ngraph.forcelayout3d": "0.0.15"
      },
      "dependencies": {
        "ngraph.events": {
          "version": "0.0.3",
          "resolved": "https://registry.npmjs.org/ngraph.events/-/ngraph.events-0.0.3.tgz",
          "integrity": "sha512-UrewofHOFk/05otBm9GD4DA3PTEY/yaElhCclmGC4IcmAYaSDRrC3lENQxJ00AzeBnz1GY2xH7Ct7AfIdhsdWA=="
        }
      }
    },
    "three": {
      "version": "0.73.2",
      "resolved": "https://registry.npmjs.org/three/-/three-0.73.2.tgz",
      "integrity": "sha512-TC2H54TAnLwLwuMz5mUNN60BuK5MvLI1OgF2X1PdxnVehgZ7p9sNbaHpJEj3hi2T8WadlIUE8d/96oe3XlpPAw=="
    },
    "three.fly": {
      "version": "0.1.6",
      "resolved": "https://registry.npmjs.org/three.fly/-/three.fly-0.1.6.tgz",
      "integrity": "sha512-iduRTbHyb2WVas4FOyXj8W/wtjfyu0DtFeSMIL7akm3Bfa8+QubDdlsDFTf+382ATzSbA3gKZGo091ZonBt87w==",
      "requires": {
        "ngraph.events": "0.0.3"
      },
      "dependencies": {
        "ngraph.events": {
          "version": "0.0.3",
          "resolved": "https://registry.npmjs.org/ngraph.events/-/ngraph.events-0.0.3.tgz",
          "integrity": "sha512-UrewofHOFk/05otBm9GD4DA3PTEY/yaElhCclmGC4IcmAYaSDRrC3lENQxJ00AzeBnz1GY2xH7Ct7AfIdhsdWA=="
        }
      }
    }
  }
}
